
Microsoft Visual Studio Solution File, Format Version 10.00
# Visual Studio 2008
Project("{8BC9CEB8-8B4A-11D0-8D11-00A0C91BC942}") = "fbmerge", "fbmerge.vcproj", "{E9D5FF9E-4058-4ECE-ABDC-3FC947D87C7F}"
EndProject
Global
	GlobalSection(SolutionConfigurationPlatforms) = preSolution
		Debug|Win32 = Debug|Win32
		Release|Win32 = Release|Win32
	EndGlobalSection
	GlobalSection(ProjectConfigurationPlatforms) = postSolution
		{E9D5FF9E-4058-4ECE-ABDC-3FC947D87C7F}.Debug|Win32.ActiveCfg = Debug|Win32
		{E9D5FF9E-4058-4ECE-ABDC-3FC947D87C7F}.Debug|Win32.Build.0 = Debug|Win32
		{E9D5FF9E-4058-4ECE-ABDC-3FC947D87C7F}.Release|Win32.ActiveCfg = Release|Win32
		{E9D5FF9E-4058-4ECE-ABDC-3FC947D87C7F}.Release|Win32.Build.0 = Release|Win32
	EndGlobalSection
	GlobalSection(SolutionProperties) = preSolution
		HideSolutionNode = FALSE
	EndGlobalSection
EndGlobal
